
Microsoft Visual Studio Solution File, Format Version 12.00
# Visual Studio 14
VisualStudioVersion = 14.0.24720.0
MinimumVisualStudioVersion = 10.0.40219.1
Project("{2150E333-8FDC-42A3-9474-1A3956D46DE8}") = "Server", "Server", "{E980518C-4F9E-4FB4-87D4-87729C4D7171}"
EndProject
Project("{8BB2217D-0F2D-49D1-97BC-3654ED321F3B}") = "Overmind", "Server\Overmind\Overmind.xproj", "{CA0CA5B9-6B47-4B41-9106-56B2890E1BFA}"
EndProject
Project("{2150E333-8FDC-42A3-9474-1A3956D46DE8}") = "Tests", "Tests", "{501176FF-A4EB-4339-827F-395A76F40DE4}"
EndProject
Project("{8BB2217D-0F2D-49D1-97BC-3654ED321F3B}") = "DotNetCoreTest", "Test\DotNetCoreTest\DotNetCoreTest.xproj", "{EB9EDE8C-E4BA-4D6A-BAAF-6FC4A7503CDC}"
EndProject
Project("{2150E333-8FDC-42A3-9474-1A3956D46DE8}") = "_docs", "_docs", "{086CF043-0ECF-46DD-AC47-75BF5344AA80}"
	ProjectSection(SolutionItems) = preProject
		..\docs\DeveloperNotes.txt = ..\docs\DeveloperNotes.txt
	EndProjectSection
EndProject
Project("{2150E333-8FDC-42A3-9474-1A3956D46DE8}") = "Client", "Client", "{193D1915-97BA-49DB-8990-5CD5B54E535B}"
EndProject
Project("{2150E333-8FDC-42A3-9474-1A3956D46DE8}") = "Tools", "Tools", "{3296DA7F-0315-4233-9C5E-4657B0056A62}"
EndProject
Project("{8BB2217D-0F2D-49D1-97BC-3654ED321F3B}") = "DotNetCoreTestNetSecurity", "Test\DotNetCoreTestNetSecurity\DotNetCoreTestNetSecurity.xproj", "{C75AA513-BDA1-4E24-A458-B2736A560916}"
EndProject
Project("{2150E333-8FDC-42A3-9474-1A3956D46DE8}") = "Solution Items", "Solution Items", "{28C8C86C-DB10-44DA-99AC-288CA6871A34}"
	ProjectSection(SolutionItems) = preProject
		global.json = global.json
		NuGet.Config = NuGet.Config
	EndProjectSection
EndProject
Project("{8BB2217D-0F2D-49D1-97BC-3654ED321F3B}") = "SQLab.Common", "SQLab.Common\SQLab.Common.xproj", "{069B56DF-F0F8-4132-848A-8344A3E4C4B2}"
EndProject
Project("{8BB2217D-0F2D-49D1-97BC-3654ED321F3B}") = "HealthMonitor", "Server\HealthMonitor\HealthMonitor.xproj", "{983F068E-F4F4-4A2B-A833-ADA14E9D3331}"
EndProject
Project("{8BB2217D-0F2D-49D1-97BC-3654ED321F3B}") = "TestReactiveExtensions", "Test\TestReactiveExtensions\TestReactiveExtensions.xproj", "{D9BD3BF0-657E-4ABB-85FA-9F03F62658AA}"
EndProject
Project("{8BB2217D-0F2D-49D1-97BC-3654ED321F3B}") = "SQLab.RxCommon", "SQLab.RxCommon\SQLab.RxCommon.xproj", "{50CD516C-EB74-45E4-87AF-075936211107}"
EndProject
Project("{2150E333-8FDC-42A3-9474-1A3956D46DE8}") = "ThirdParty", "ThirdParty", "{42505196-C4A8-4D25-801A-39FED1CD4153}"
EndProject
Project("{2150E333-8FDC-42A3-9474-1A3956D46DE8}") = "Reactive", "Reactive", "{5BB36B3D-75BE-4F1A-832C-68E54DE9C9A5}"
EndProject
Project("{8BB2217D-0F2D-49D1-97BC-3654ED321F3B}") = "System.Reactive.Interfaces", "ThirdParty\Reactive\System.Reactive.Interfaces\System.Reactive.Interfaces.xproj", "{430061B8-8504-483F-A532-CEB69FF04128}"
EndProject
Project("{8BB2217D-0F2D-49D1-97BC-3654ED321F3B}") = "System.Reactive.Core", "ThirdParty\Reactive\System.Reactive.Core\System.Reactive.Core.xproj", "{FDA62C35-4174-44B0-BEBE-61E80B2515BA}"
EndProject
Project("{8BB2217D-0F2D-49D1-97BC-3654ED321F3B}") = "System.Reactive.Linq", "ThirdParty\Reactive\System.Reactive.Linq\System.Reactive.Linq.xproj", "{A5508FF0-93B9-4241-B666-07B05189C435}"
EndProject
Project("{8BB2217D-0F2D-49D1-97BC-3654ED321F3B}") = "System.Reactive.PlatformServices", "ThirdParty\Reactive\System.Reactive.PlatformServices\System.Reactive.PlatformServices.xproj", "{7DD3DDA0-0B73-4A7F-ACAF-15111AC2EB93}"
EndProject
Project("{8BB2217D-0F2D-49D1-97BC-3654ED321F3B}") = "IbApiSocketClient", "ThirdParty\IbApiSocketClient\IbApiSocketClient.xproj", "{FAA59F5B-B8EB-4B71-A929-13AB50435C32}"
EndProject
Project("{8BB2217D-0F2D-49D1-97BC-3654ED321F3B}") = "VirtualBroker", "Server\VirtualBroker\VirtualBroker.xproj", "{0F633BCF-6C4E-49CB-A6C1-D70D101A65AC}"
EndProject
Project("{8BB2217D-0F2D-49D1-97BC-3654ED321F3B}") = "SQLab.DbCommon", "SQLab.DbCommon\SQLab.DbCommon.xproj", "{EC6161F3-4972-492C-BD6A-B2209A857C6B}"
EndProject
Project("{2150E333-8FDC-42A3-9474-1A3956D46DE8}") = "VirtualBroker", "VirtualBroker", "{DC7FF5C6-FD61-40FC-B577-C58593D79AE4}"
	ProjectSection(SolutionItems) = preProject
		..\docs\VirtualBroker\IbGatewayConnection.txt = ..\docs\VirtualBroker\IbGatewayConnection.txt
		..\docs\VirtualBroker\IbHistoricalData.txt = ..\docs\VirtualBroker\IbHistoricalData.txt
	EndProjectSection
EndProject
Project("{2150E333-8FDC-42A3-9474-1A3956D46DE8}") = "Strategies", "Strategies", "{1148B678-8AD1-4F74-A374-E33C0DE3D35D}"
	ProjectSection(SolutionItems) = preProject
		..\docs\Strategies\AdaptiveUberVXX_plan.txt = ..\docs\Strategies\AdaptiveUberVXX_plan.txt
		..\docs\Strategies\AdaptiveUberVXX_livePerformance.txt = ..\docs\Strategies\AdaptiveUberVXX_livePerformance.txt
	EndProjectSection
EndProject
Global
	GlobalSection(SolutionConfigurationPlatforms) = preSolution
		Debug|Any CPU = Debug|Any CPU
		Release|Any CPU = Release|Any CPU
	EndGlobalSection
	GlobalSection(ProjectConfigurationPlatforms) = postSolution
		{CA0CA5B9-6B47-4B41-9106-56B2890E1BFA}.Debug|Any CPU.ActiveCfg = Debug|Any CPU
		{CA0CA5B9-6B47-4B41-9106-56B2890E1BFA}.Debug|Any CPU.Build.0 = Debug|Any CPU
		{CA0CA5B9-6B47-4B41-9106-56B2890E1BFA}.Release|Any CPU.ActiveCfg = Release|Any CPU
		{CA0CA5B9-6B47-4B41-9106-56B2890E1BFA}.Release|Any CPU.Build.0 = Release|Any CPU
		{EB9EDE8C-E4BA-4D6A-BAAF-6FC4A7503CDC}.Debug|Any CPU.ActiveCfg = Debug|Any CPU
		{EB9EDE8C-E4BA-4D6A-BAAF-6FC4A7503CDC}.Debug|Any CPU.Build.0 = Debug|Any CPU
		{EB9EDE8C-E4BA-4D6A-BAAF-6FC4A7503CDC}.Release|Any CPU.ActiveCfg = Release|Any CPU
		{EB9EDE8C-E4BA-4D6A-BAAF-6FC4A7503CDC}.Release|Any CPU.Build.0 = Release|Any CPU
		{C75AA513-BDA1-4E24-A458-B2736A560916}.Debug|Any CPU.ActiveCfg = Debug|Any CPU
		{C75AA513-BDA1-4E24-A458-B2736A560916}.Debug|Any CPU.Build.0 = Debug|Any CPU
		{C75AA513-BDA1-4E24-A458-B2736A560916}.Release|Any CPU.ActiveCfg = Release|Any CPU
		{C75AA513-BDA1-4E24-A458-B2736A560916}.Release|Any CPU.Build.0 = Release|Any CPU
		{069B56DF-F0F8-4132-848A-8344A3E4C4B2}.Debug|Any CPU.ActiveCfg = Debug|Any CPU
		{069B56DF-F0F8-4132-848A-8344A3E4C4B2}.Debug|Any CPU.Build.0 = Debug|Any CPU
		{069B56DF-F0F8-4132-848A-8344A3E4C4B2}.Release|Any CPU.ActiveCfg = Release|Any CPU
		{069B56DF-F0F8-4132-848A-8344A3E4C4B2}.Release|Any CPU.Build.0 = Release|Any CPU
		{983F068E-F4F4-4A2B-A833-ADA14E9D3331}.Debug|Any CPU.ActiveCfg = Debug|Any CPU
		{983F068E-F4F4-4A2B-A833-ADA14E9D3331}.Debug|Any CPU.Build.0 = Debug|Any CPU
		{983F068E-F4F4-4A2B-A833-ADA14E9D3331}.Release|Any CPU.ActiveCfg = Release|Any CPU
		{983F068E-F4F4-4A2B-A833-ADA14E9D3331}.Release|Any CPU.Build.0 = Release|Any CPU
		{D9BD3BF0-657E-4ABB-85FA-9F03F62658AA}.Debug|Any CPU.ActiveCfg = Debug|Any CPU
		{D9BD3BF0-657E-4ABB-85FA-9F03F62658AA}.Debug|Any CPU.Build.0 = Debug|Any CPU
		{D9BD3BF0-657E-4ABB-85FA-9F03F62658AA}.Release|Any CPU.ActiveCfg = Release|Any CPU
		{D9BD3BF0-657E-4ABB-85FA-9F03F62658AA}.Release|Any CPU.Build.0 = Release|Any CPU
		{50CD516C-EB74-45E4-87AF-075936211107}.Debug|Any CPU.ActiveCfg = Debug|Any CPU
		{50CD516C-EB74-45E4-87AF-075936211107}.Debug|Any CPU.Build.0 = Debug|Any CPU
		{50CD516C-EB74-45E4-87AF-075936211107}.Release|Any CPU.ActiveCfg = Release|Any CPU
		{50CD516C-EB74-45E4-87AF-075936211107}.Release|Any CPU.Build.0 = Release|Any CPU
		{430061B8-8504-483F-A532-CEB69FF04128}.Debug|Any CPU.ActiveCfg = Debug|Any CPU
		{430061B8-8504-483F-A532-CEB69FF04128}.Debug|Any CPU.Build.0 = Debug|Any CPU
		{430061B8-8504-483F-A532-CEB69FF04128}.Release|Any CPU.ActiveCfg = Release|Any CPU
		{430061B8-8504-483F-A532-CEB69FF04128}.Release|Any CPU.Build.0 = Release|Any CPU
		{FDA62C35-4174-44B0-BEBE-61E80B2515BA}.Debug|Any CPU.ActiveCfg = Debug|Any CPU
		{FDA62C35-4174-44B0-BEBE-61E80B2515BA}.Debug|Any CPU.Build.0 = Debug|Any CPU
		{FDA62C35-4174-44B0-BEBE-61E80B2515BA}.Release|Any CPU.ActiveCfg = Release|Any CPU
		{FDA62C35-4174-44B0-BEBE-61E80B2515BA}.Release|Any CPU.Build.0 = Release|Any CPU
		{A5508FF0-93B9-4241-B666-07B05189C435}.Debug|Any CPU.ActiveCfg = Debug|Any CPU
		{A5508FF0-93B9-4241-B666-07B05189C435}.Debug|Any CPU.Build.0 = Debug|Any CPU
		{A5508FF0-93B9-4241-B666-07B05189C435}.Release|Any CPU.ActiveCfg = Release|Any CPU
		{A5508FF0-93B9-4241-B666-07B05189C435}.Release|Any CPU.Build.0 = Release|Any CPU
		{7DD3DDA0-0B73-4A7F-ACAF-15111AC2EB93}.Debug|Any CPU.ActiveCfg = Debug|Any CPU
		{7DD3DDA0-0B73-4A7F-ACAF-15111AC2EB93}.Debug|Any CPU.Build.0 = Debug|Any CPU
		{7DD3DDA0-0B73-4A7F-ACAF-15111AC2EB93}.Release|Any CPU.ActiveCfg = Release|Any CPU
		{7DD3DDA0-0B73-4A7F-ACAF-15111AC2EB93}.Release|Any CPU.Build.0 = Release|Any CPU
		{FAA59F5B-B8EB-4B71-A929-13AB50435C32}.Debug|Any CPU.ActiveCfg = Debug|Any CPU
		{FAA59F5B-B8EB-4B71-A929-13AB50435C32}.Debug|Any CPU.Build.0 = Debug|Any CPU
		{FAA59F5B-B8EB-4B71-A929-13AB50435C32}.Release|Any CPU.ActiveCfg = Release|Any CPU
		{FAA59F5B-B8EB-4B71-A929-13AB50435C32}.Release|Any CPU.Build.0 = Release|Any CPU
		{0F633BCF-6C4E-49CB-A6C1-D70D101A65AC}.Debug|Any CPU.ActiveCfg = Debug|Any CPU
		{0F633BCF-6C4E-49CB-A6C1-D70D101A65AC}.Debug|Any CPU.Build.0 = Debug|Any CPU
		{0F633BCF-6C4E-49CB-A6C1-D70D101A65AC}.Release|Any CPU.ActiveCfg = Release|Any CPU
		{0F633BCF-6C4E-49CB-A6C1-D70D101A65AC}.Release|Any CPU.Build.0 = Release|Any CPU
		{EC6161F3-4972-492C-BD6A-B2209A857C6B}.Debug|Any CPU.ActiveCfg = Debug|Any CPU
		{EC6161F3-4972-492C-BD6A-B2209A857C6B}.Debug|Any CPU.Build.0 = Debug|Any CPU
		{EC6161F3-4972-492C-BD6A-B2209A857C6B}.Release|Any CPU.ActiveCfg = Release|Any CPU
		{EC6161F3-4972-492C-BD6A-B2209A857C6B}.Release|Any CPU.Build.0 = Release|Any CPU
	EndGlobalSection
	GlobalSection(SolutionProperties) = preSolution
		HideSolutionNode = FALSE
	EndGlobalSection
	GlobalSection(NestedProjects) = preSolution
		{CA0CA5B9-6B47-4B41-9106-56B2890E1BFA} = {E980518C-4F9E-4FB4-87D4-87729C4D7171}
		{EB9EDE8C-E4BA-4D6A-BAAF-6FC4A7503CDC} = {501176FF-A4EB-4339-827F-395A76F40DE4}
		{C75AA513-BDA1-4E24-A458-B2736A560916} = {501176FF-A4EB-4339-827F-395A76F40DE4}
		{983F068E-F4F4-4A2B-A833-ADA14E9D3331} = {E980518C-4F9E-4FB4-87D4-87729C4D7171}
		{D9BD3BF0-657E-4ABB-85FA-9F03F62658AA} = {501176FF-A4EB-4339-827F-395A76F40DE4}
		{5BB36B3D-75BE-4F1A-832C-68E54DE9C9A5} = {42505196-C4A8-4D25-801A-39FED1CD4153}
		{430061B8-8504-483F-A532-CEB69FF04128} = {5BB36B3D-75BE-4F1A-832C-68E54DE9C9A5}
		{FDA62C35-4174-44B0-BEBE-61E80B2515BA} = {5BB36B3D-75BE-4F1A-832C-68E54DE9C9A5}
		{A5508FF0-93B9-4241-B666-07B05189C435} = {5BB36B3D-75BE-4F1A-832C-68E54DE9C9A5}
		{7DD3DDA0-0B73-4A7F-ACAF-15111AC2EB93} = {5BB36B3D-75BE-4F1A-832C-68E54DE9C9A5}
		{FAA59F5B-B8EB-4B71-A929-13AB50435C32} = {42505196-C4A8-4D25-801A-39FED1CD4153}
		{0F633BCF-6C4E-49CB-A6C1-D70D101A65AC} = {E980518C-4F9E-4FB4-87D4-87729C4D7171}
		{DC7FF5C6-FD61-40FC-B577-C58593D79AE4} = {086CF043-0ECF-46DD-AC47-75BF5344AA80}
		{1148B678-8AD1-4F74-A374-E33C0DE3D35D} = {086CF043-0ECF-46DD-AC47-75BF5344AA80}
	EndGlobalSection
EndGlobal
