
Microsoft Visual Studio Solution File, Format Version 12.00
# Visual Studio 15
VisualStudioVersion = 15.0.27130.2020
MinimumVisualStudioVersion = 10.0.40219.1
Project("{9A19103F-16F7-4668-BE54-9A1E7A4F7556}") = "SqCommon", "Common\SqCommon\SqCommon.csproj", "{7F02AE44-EF26-4402-AFDC-EE37033F9BE9}"
EndProject
Project("{9A19103F-16F7-4668-BE54-9A1E7A4F7556}") = "DbCommon", "Common\DbCommon\DbCommon.csproj", "{98B8B71B-79E4-42AC-8235-254D93EB2163}"
EndProject
Project("{2150E333-8FDC-42A3-9474-1A3956D46DE8}") = "ThirdParty", "ThirdParty", "{7DA385F0-73D9-4F21-9B09-E6F29D080B27}"
EndProject
Project("{9A19103F-16F7-4668-BE54-9A1E7A4F7556}") = "IbApiSocketClient", "ThirdParty\IbApiSocketClient\IbApiSocketClient.csproj", "{E6799D49-331A-4AEE-8E0D-07F3FDB332BB}"
EndProject
Project("{2150E333-8FDC-42A3-9474-1A3956D46DE8}") = "Rective", "Rective", "{08109A82-4730-432D-8C86-23A2923F20E9}"
EndProject
Project("{9A19103F-16F7-4668-BE54-9A1E7A4F7556}") = "System.Reactive.Core", "ThirdParty\Reactive\System.Reactive.Core\System.Reactive.Core.csproj", "{98C7E34A-DF06-4132-B9F8-BA3BB84E028B}"
EndProject
Project("{9A19103F-16F7-4668-BE54-9A1E7A4F7556}") = "System.Reactive.Interfaces", "ThirdParty\Reactive\System.Reactive.Interfaces\System.Reactive.Interfaces.csproj", "{4F4AB4B1-580F-45BB-86A1-FF144829C23F}"
EndProject
Project("{9A19103F-16F7-4668-BE54-9A1E7A4F7556}") = "System.Reactive.Linq", "ThirdParty\Reactive\System.Reactive.Linq\System.Reactive.Linq.csproj", "{3B2FBBE9-F948-494C-99C3-01B19D7602F3}"
EndProject
Project("{9A19103F-16F7-4668-BE54-9A1E7A4F7556}") = "System.Reactive.PlatformServices", "ThirdParty\Reactive\System.Reactive.PlatformServices\System.Reactive.PlatformServices.csproj", "{E74AC790-75EB-46B9-8A70-4A0C6A22473B}"
EndProject
Project("{2150E333-8FDC-42A3-9474-1A3956D46DE8}") = "Tools", "Tools", "{D949E6AE-0910-48FF-BFDF-6868234DD443}"
EndProject
Project("{9A19103F-16F7-4668-BE54-9A1E7A4F7556}") = "TestReactiveExtensions", "Tools\TestReactiveExtensions\TestReactiveExtensions.csproj", "{5C00DE6B-300D-4F89-A9B9-AC0F73033CE3}"
EndProject
Project("{2150E333-8FDC-42A3-9474-1A3956D46DE8}") = "Server", "Server", "{D2A48BDF-1532-4980-B578-31E14DD187C2}"
EndProject
Project("{2150E333-8FDC-42A3-9474-1A3956D46DE8}") = "Client", "Client", "{37F06812-03F7-4248-8D04-9210D4C2C088}"
EndProject
Project("{9A19103F-16F7-4668-BE54-9A1E7A4F7556}") = "Overmind", "Server\Overmind\Overmind.csproj", "{8EB781AA-80E3-462D-AC1D-0027585938F9}"
EndProject
Project("{9A19103F-16F7-4668-BE54-9A1E7A4F7556}") = "HealthMonitor", "Server\HealthMonitor\HealthMonitor.csproj", "{837CE7C2-354E-43B5-944F-CC33D82E219F}"
EndProject
Project("{9A19103F-16F7-4668-BE54-9A1E7A4F7556}") = "VirtualBroker", "Server\VirtualBroker\VirtualBroker.csproj", "{915E9611-9F49-4212-BC7F-927E89822DE1}"
EndProject
Project("{2150E333-8FDC-42A3-9474-1A3956D46DE8}") = "_docs", "_docs", "{7817B271-9B8B-40BE-BEF9-BA58816B8000}"
	ProjectSection(SolutionItems) = preProject
		..\docs\ChartingLibrary.txt = ..\docs\ChartingLibrary.txt
		..\docs\DeveloperNotes.txt = ..\docs\DeveloperNotes.txt
	EndProjectSection
EndProject
Project("{2150E333-8FDC-42A3-9474-1A3956D46DE8}") = "Strategies", "Strategies", "{00E161BF-303C-491E-A7AB-7C7AA06C90AF}"
	ProjectSection(SolutionItems) = preProject
		..\docs\Strategies\AdaptiveUberVXX_livePerformance.txt = ..\docs\Strategies\AdaptiveUberVXX_livePerformance.txt
		..\docs\Strategies\AdaptiveUberVXX_plan.txt = ..\docs\Strategies\AdaptiveUberVXX_plan.txt
	EndProjectSection
EndProject
Project("{2150E333-8FDC-42A3-9474-1A3956D46DE8}") = "VirtualBroker", "VirtualBroker", "{DC204CAD-CC4E-426E-9CC0-F323D54F8C8F}"
	ProjectSection(SolutionItems) = preProject
		..\docs\VirtualBroker\IbGatewayConnection.txt = ..\docs\VirtualBroker\IbGatewayConnection.txt
		..\docs\VirtualBroker\IbHistoricalData.txt = ..\docs\VirtualBroker\IbHistoricalData.txt
	EndProjectSection
EndProject
Project("{9A19103F-16F7-4668-BE54-9A1E7A4F7556}") = "RxCommon", "Common\RxCommon\RxCommon.csproj", "{B547EB92-C39D-4B8A-A5DD-31DD5FDF0FA3}"
EndProject
Project("{2150E333-8FDC-42A3-9474-1A3956D46DE8}") = "WebServer", "WebServer", "{05727A52-ACAC-4B61-B892-316A58A2FD39}"
EndProject
Project("{9A19103F-16F7-4668-BE54-9A1E7A4F7556}") = "SQLab", "WebServer\SQLab\SQLab.csproj", "{2A400819-8887-4432-9780-C04B0FBCED76}"
EndProject
Project("{2150E333-8FDC-42A3-9474-1A3956D46DE8}") = "SoftwareEngineering", "SoftwareEngineering", "{FDA385FB-B77B-4785-B57A-659E0D6D0DC6}"
	ProjectSection(SolutionItems) = preProject
		Csharp tips.txt = Csharp tips.txt
		..\docs\SoftwareEngineering\DotNetCore Angular sample, performance problem, 2017-10-27.txt = ..\docs\SoftwareEngineering\DotNetCore Angular sample, performance problem, 2017-10-27.txt
	EndProjectSection
EndProject
Project("{2150E333-8FDC-42A3-9474-1A3956D46DE8}") = "Solution Items", "Solution Items", "{B29FE86D-3E1D-4160-B5A4-18E6D46250A3}"
EndProject
Global
	GlobalSection(SolutionConfigurationPlatforms) = preSolution
		Debug|Any CPU = Debug|Any CPU
		Release|Any CPU = Release|Any CPU
	EndGlobalSection
	GlobalSection(ProjectConfigurationPlatforms) = postSolution
		{7F02AE44-EF26-4402-AFDC-EE37033F9BE9}.Debug|Any CPU.ActiveCfg = Debug|Any CPU
		{7F02AE44-EF26-4402-AFDC-EE37033F9BE9}.Debug|Any CPU.Build.0 = Debug|Any CPU
		{7F02AE44-EF26-4402-AFDC-EE37033F9BE9}.Release|Any CPU.ActiveCfg = Release|Any CPU
		{7F02AE44-EF26-4402-AFDC-EE37033F9BE9}.Release|Any CPU.Build.0 = Release|Any CPU
		{98B8B71B-79E4-42AC-8235-254D93EB2163}.Debug|Any CPU.ActiveCfg = Debug|Any CPU
		{98B8B71B-79E4-42AC-8235-254D93EB2163}.Debug|Any CPU.Build.0 = Debug|Any CPU
		{98B8B71B-79E4-42AC-8235-254D93EB2163}.Release|Any CPU.ActiveCfg = Release|Any CPU
		{98B8B71B-79E4-42AC-8235-254D93EB2163}.Release|Any CPU.Build.0 = Release|Any CPU
		{E6799D49-331A-4AEE-8E0D-07F3FDB332BB}.Debug|Any CPU.ActiveCfg = Debug|Any CPU
		{E6799D49-331A-4AEE-8E0D-07F3FDB332BB}.Debug|Any CPU.Build.0 = Debug|Any CPU
		{E6799D49-331A-4AEE-8E0D-07F3FDB332BB}.Release|Any CPU.ActiveCfg = Release|Any CPU
		{E6799D49-331A-4AEE-8E0D-07F3FDB332BB}.Release|Any CPU.Build.0 = Release|Any CPU
		{98C7E34A-DF06-4132-B9F8-BA3BB84E028B}.Debug|Any CPU.ActiveCfg = Debug|Any CPU
		{98C7E34A-DF06-4132-B9F8-BA3BB84E028B}.Debug|Any CPU.Build.0 = Debug|Any CPU
		{98C7E34A-DF06-4132-B9F8-BA3BB84E028B}.Release|Any CPU.ActiveCfg = Release|Any CPU
		{98C7E34A-DF06-4132-B9F8-BA3BB84E028B}.Release|Any CPU.Build.0 = Release|Any CPU
		{4F4AB4B1-580F-45BB-86A1-FF144829C23F}.Debug|Any CPU.ActiveCfg = Debug|Any CPU
		{4F4AB4B1-580F-45BB-86A1-FF144829C23F}.Debug|Any CPU.Build.0 = Debug|Any CPU
		{4F4AB4B1-580F-45BB-86A1-FF144829C23F}.Release|Any CPU.ActiveCfg = Release|Any CPU
		{4F4AB4B1-580F-45BB-86A1-FF144829C23F}.Release|Any CPU.Build.0 = Release|Any CPU
		{3B2FBBE9-F948-494C-99C3-01B19D7602F3}.Debug|Any CPU.ActiveCfg = Debug|Any CPU
		{3B2FBBE9-F948-494C-99C3-01B19D7602F3}.Debug|Any CPU.Build.0 = Debug|Any CPU
		{3B2FBBE9-F948-494C-99C3-01B19D7602F3}.Release|Any CPU.ActiveCfg = Release|Any CPU
		{3B2FBBE9-F948-494C-99C3-01B19D7602F3}.Release|Any CPU.Build.0 = Release|Any CPU
		{E74AC790-75EB-46B9-8A70-4A0C6A22473B}.Debug|Any CPU.ActiveCfg = Debug|Any CPU
		{E74AC790-75EB-46B9-8A70-4A0C6A22473B}.Debug|Any CPU.Build.0 = Debug|Any CPU
		{E74AC790-75EB-46B9-8A70-4A0C6A22473B}.Release|Any CPU.ActiveCfg = Release|Any CPU
		{E74AC790-75EB-46B9-8A70-4A0C6A22473B}.Release|Any CPU.Build.0 = Release|Any CPU
		{5C00DE6B-300D-4F89-A9B9-AC0F73033CE3}.Debug|Any CPU.ActiveCfg = Debug|Any CPU
		{5C00DE6B-300D-4F89-A9B9-AC0F73033CE3}.Debug|Any CPU.Build.0 = Debug|Any CPU
		{5C00DE6B-300D-4F89-A9B9-AC0F73033CE3}.Release|Any CPU.ActiveCfg = Release|Any CPU
		{5C00DE6B-300D-4F89-A9B9-AC0F73033CE3}.Release|Any CPU.Build.0 = Release|Any CPU
		{8EB781AA-80E3-462D-AC1D-0027585938F9}.Debug|Any CPU.ActiveCfg = Debug|Any CPU
		{8EB781AA-80E3-462D-AC1D-0027585938F9}.Debug|Any CPU.Build.0 = Debug|Any CPU
		{8EB781AA-80E3-462D-AC1D-0027585938F9}.Release|Any CPU.ActiveCfg = Release|Any CPU
		{8EB781AA-80E3-462D-AC1D-0027585938F9}.Release|Any CPU.Build.0 = Release|Any CPU
		{837CE7C2-354E-43B5-944F-CC33D82E219F}.Debug|Any CPU.ActiveCfg = Debug|Any CPU
		{837CE7C2-354E-43B5-944F-CC33D82E219F}.Debug|Any CPU.Build.0 = Debug|Any CPU
		{837CE7C2-354E-43B5-944F-CC33D82E219F}.Release|Any CPU.ActiveCfg = Release|Any CPU
		{837CE7C2-354E-43B5-944F-CC33D82E219F}.Release|Any CPU.Build.0 = Release|Any CPU
		{915E9611-9F49-4212-BC7F-927E89822DE1}.Debug|Any CPU.ActiveCfg = Debug|Any CPU
		{915E9611-9F49-4212-BC7F-927E89822DE1}.Debug|Any CPU.Build.0 = Debug|Any CPU
		{915E9611-9F49-4212-BC7F-927E89822DE1}.Release|Any CPU.ActiveCfg = Release|Any CPU
		{915E9611-9F49-4212-BC7F-927E89822DE1}.Release|Any CPU.Build.0 = Release|Any CPU
		{B547EB92-C39D-4B8A-A5DD-31DD5FDF0FA3}.Debug|Any CPU.ActiveCfg = Debug|Any CPU
		{B547EB92-C39D-4B8A-A5DD-31DD5FDF0FA3}.Debug|Any CPU.Build.0 = Debug|Any CPU
		{B547EB92-C39D-4B8A-A5DD-31DD5FDF0FA3}.Release|Any CPU.ActiveCfg = Release|Any CPU
		{B547EB92-C39D-4B8A-A5DD-31DD5FDF0FA3}.Release|Any CPU.Build.0 = Release|Any CPU
		{2A400819-8887-4432-9780-C04B0FBCED76}.Debug|Any CPU.ActiveCfg = Debug|Any CPU
		{2A400819-8887-4432-9780-C04B0FBCED76}.Debug|Any CPU.Build.0 = Debug|Any CPU
		{2A400819-8887-4432-9780-C04B0FBCED76}.Release|Any CPU.ActiveCfg = Release|Any CPU
		{2A400819-8887-4432-9780-C04B0FBCED76}.Release|Any CPU.Build.0 = Release|Any CPU
	EndGlobalSection
	GlobalSection(SolutionProperties) = preSolution
		HideSolutionNode = FALSE
	EndGlobalSection
	GlobalSection(NestedProjects) = preSolution
		{E6799D49-331A-4AEE-8E0D-07F3FDB332BB} = {7DA385F0-73D9-4F21-9B09-E6F29D080B27}
		{08109A82-4730-432D-8C86-23A2923F20E9} = {7DA385F0-73D9-4F21-9B09-E6F29D080B27}
		{98C7E34A-DF06-4132-B9F8-BA3BB84E028B} = {08109A82-4730-432D-8C86-23A2923F20E9}
		{4F4AB4B1-580F-45BB-86A1-FF144829C23F} = {08109A82-4730-432D-8C86-23A2923F20E9}
		{3B2FBBE9-F948-494C-99C3-01B19D7602F3} = {08109A82-4730-432D-8C86-23A2923F20E9}
		{E74AC790-75EB-46B9-8A70-4A0C6A22473B} = {08109A82-4730-432D-8C86-23A2923F20E9}
		{5C00DE6B-300D-4F89-A9B9-AC0F73033CE3} = {D949E6AE-0910-48FF-BFDF-6868234DD443}
		{8EB781AA-80E3-462D-AC1D-0027585938F9} = {D2A48BDF-1532-4980-B578-31E14DD187C2}
		{837CE7C2-354E-43B5-944F-CC33D82E219F} = {D2A48BDF-1532-4980-B578-31E14DD187C2}
		{915E9611-9F49-4212-BC7F-927E89822DE1} = {D2A48BDF-1532-4980-B578-31E14DD187C2}
		{00E161BF-303C-491E-A7AB-7C7AA06C90AF} = {7817B271-9B8B-40BE-BEF9-BA58816B8000}
		{DC204CAD-CC4E-426E-9CC0-F323D54F8C8F} = {7817B271-9B8B-40BE-BEF9-BA58816B8000}
		{2A400819-8887-4432-9780-C04B0FBCED76} = {05727A52-ACAC-4B61-B892-316A58A2FD39}
		{FDA385FB-B77B-4785-B57A-659E0D6D0DC6} = {7817B271-9B8B-40BE-BEF9-BA58816B8000}
	EndGlobalSection
	GlobalSection(ExtensibilityGlobals) = postSolution
		SolutionGuid = {925DC6C5-9605-496B-B35C-0B0A1F4F0EBF}
	EndGlobalSection
EndGlobal
