
Microsoft Visual Studio Solution File, Format Version 12.00
# Visual Studio 14
VisualStudioVersion = 14.0.25420.1
MinimumVisualStudioVersion = 10.0.40219.1
Project("{8BB2217D-0F2D-49D1-97BC-3654ED321F3B}") = "SQLab", "Client\SQLab\SQLab.xproj", "{6DCCBC74-C72C-4EFE-828F-9CFFFDBB1B67}"
EndProject
Project("{2150E333-8FDC-42A3-9474-1A3956D46DE8}") = "Client", "Client", "{7C42518C-1375-4DB6-9C6F-A49D6608F96A}"
EndProject
Project("{2150E333-8FDC-42A3-9474-1A3956D46DE8}") = "Tests", "Tests", "{DFDB51B2-36E0-4AC5-939C-53AE93949B44}"
EndProject
Project("{8BB2217D-0F2D-49D1-97BC-3654ED321F3B}") = "DotNetCoreTestNetSecurity", "Test\DotNetCoreTestNetSecurity\DotNetCoreTestNetSecurity.xproj", "{83CC1149-BD0B-423D-A0B6-24D8B67FE63E}"
EndProject
Project("{2150E333-8FDC-42A3-9474-1A3956D46DE8}") = "_docs", "_docs", "{086CF043-0ECF-46DD-AC47-75BF5344AA80}"
	ProjectSection(SolutionItems) = preProject
		..\docs\ChartingLibrary.txt = ..\docs\ChartingLibrary.txt
		..\docs\DeveloperNotes.txt = ..\docs\DeveloperNotes.txt
	EndProjectSection
EndProject
Project("{2150E333-8FDC-42A3-9474-1A3956D46DE8}") = "Solution Items", "Solution Items", "{28C8C86C-DB10-44DA-99AC-288CA6871A34}"
	ProjectSection(SolutionItems) = preProject
		global.json = global.json
		NuGet.Config = NuGet.Config
	EndProjectSection
EndProject
Project("{2150E333-8FDC-42A3-9474-1A3956D46DE8}") = "Strategies", "Strategies", "{7CA4DF01-5F86-4A0D-8322-F2A2906BC44A}"
	ProjectSection(SolutionItems) = preProject
		..\docs\Strategies\AdaptiveUberVXX_livePerformance.txt = ..\docs\Strategies\AdaptiveUberVXX_livePerformance.txt
		..\docs\Strategies\AdaptiveUberVXX_plan.txt = ..\docs\Strategies\AdaptiveUberVXX_plan.txt
	EndProjectSection
EndProject
Project("{2150E333-8FDC-42A3-9474-1A3956D46DE8}") = "VirtualBroker", "VirtualBroker", "{DEB575A9-36B7-4DF0-8758-7C941ED05ABC}"
	ProjectSection(SolutionItems) = preProject
		..\docs\VirtualBroker\IbGatewayConnection.txt = ..\docs\VirtualBroker\IbGatewayConnection.txt
		..\docs\VirtualBroker\IbHistoricalData.txt = ..\docs\VirtualBroker\IbHistoricalData.txt
	EndProjectSection
EndProject
Project("{8BB2217D-0F2D-49D1-97BC-3654ED321F3B}") = "SQLab.Common", "SQLab.Common\SQLab.Common.xproj", "{8A44D95B-D8DB-4018-9177-15DE30354D78}"
EndProject
Project("{8BB2217D-0F2D-49D1-97BC-3654ED321F3B}") = "SQLab.DbCommon", "SQLab.DbCommon\SQLab.DbCommon.xproj", "{EF5DEA8A-B394-4BE4-AB81-52D06A79DABD}"
EndProject
Project("{2150E333-8FDC-42A3-9474-1A3956D46DE8}") = "ThirdParty", "ThirdParty", "{67108B49-0F3C-42A5-B5C9-4FA89E37B6F3}"
EndProject
Project("{8BB2217D-0F2D-49D1-97BC-3654ED321F3B}") = "IbApiSocketClient", "ThirdParty\IbApiSocketClient\IbApiSocketClient.xproj", "{EC2A62C1-617C-4073-8939-52DB21E52215}"
EndProject
Project("{2150E333-8FDC-42A3-9474-1A3956D46DE8}") = "Reactive", "Reactive", "{C1C41661-3057-47C8-BD12-4002E681F5D0}"
EndProject
Project("{8BB2217D-0F2D-49D1-97BC-3654ED321F3B}") = "System.Reactive.Core", "ThirdParty\Reactive\System.Reactive.Core\System.Reactive.Core.xproj", "{27A478DA-D3EE-4402-9944-A1D908937E88}"
EndProject
Project("{8BB2217D-0F2D-49D1-97BC-3654ED321F3B}") = "System.Reactive.Interfaces", "ThirdParty\Reactive\System.Reactive.Interfaces\System.Reactive.Interfaces.xproj", "{DC933834-A067-49EA-BB90-43C5431DA34B}"
EndProject
Project("{8BB2217D-0F2D-49D1-97BC-3654ED321F3B}") = "System.Reactive.Linq", "ThirdParty\Reactive\System.Reactive.Linq\System.Reactive.Linq.xproj", "{4942850E-B330-4D1A-8FEB-1AAFD8B829AA}"
EndProject
Project("{8BB2217D-0F2D-49D1-97BC-3654ED321F3B}") = "System.Reactive.PlatformServices", "ThirdParty\Reactive\System.Reactive.PlatformServices\System.Reactive.PlatformServices.xproj", "{1BF36DE2-0B20-4E18-B61D-496C4D1BC221}"
EndProject
Project("{8BB2217D-0F2D-49D1-97BC-3654ED321F3B}") = "SQLab.RxCommon", "SQLab.RxCommon\SQLab.RxCommon.xproj", "{116CACE3-6C13-4B88-9881-DEA8A8AF775C}"
EndProject
Project("{2150E333-8FDC-42A3-9474-1A3956D46DE8}") = "Tools", "Tools", "{3918DBC5-FE96-4D5D-9411-6395D35C4B4D}"
EndProject
Project("{8BB2217D-0F2D-49D1-97BC-3654ED321F3B}") = "TestReactiveExtensions", "Test\TestReactiveExtensions\TestReactiveExtensions.xproj", "{BBEC6F67-026D-41BA-9582-769440EA3D1F}"
EndProject
Project("{2150E333-8FDC-42A3-9474-1A3956D46DE8}") = "Server", "Server", "{8D6F5B8F-EDA5-48AD-AE07-AD59C208319E}"
EndProject
Project("{8BB2217D-0F2D-49D1-97BC-3654ED321F3B}") = "Overmind", "Server\Overmind\Overmind.xproj", "{7D1BBC12-7EC2-4F9A-968B-783F9BD09447}"
EndProject
Project("{8BB2217D-0F2D-49D1-97BC-3654ED321F3B}") = "HealthMonitor", "Server\HealthMonitor\HealthMonitor.xproj", "{8FC5580C-8D0C-402D-819A-C7D18A1C61CB}"
EndProject
Project("{8BB2217D-0F2D-49D1-97BC-3654ED321F3B}") = "VirtualBroker", "Server\VirtualBroker\VirtualBroker.xproj", "{73572228-1C3F-4982-AB46-FCBF1C3D1200}"
EndProject
Global
	GlobalSection(SolutionConfigurationPlatforms) = preSolution
		Debug|Any CPU = Debug|Any CPU
		Release|Any CPU = Release|Any CPU
	EndGlobalSection
	GlobalSection(ProjectConfigurationPlatforms) = postSolution
		{6DCCBC74-C72C-4EFE-828F-9CFFFDBB1B67}.Debug|Any CPU.ActiveCfg = Debug|Any CPU
		{6DCCBC74-C72C-4EFE-828F-9CFFFDBB1B67}.Debug|Any CPU.Build.0 = Debug|Any CPU
		{6DCCBC74-C72C-4EFE-828F-9CFFFDBB1B67}.Release|Any CPU.ActiveCfg = Release|Any CPU
		{6DCCBC74-C72C-4EFE-828F-9CFFFDBB1B67}.Release|Any CPU.Build.0 = Release|Any CPU
		{83CC1149-BD0B-423D-A0B6-24D8B67FE63E}.Debug|Any CPU.ActiveCfg = Debug|Any CPU
		{83CC1149-BD0B-423D-A0B6-24D8B67FE63E}.Debug|Any CPU.Build.0 = Debug|Any CPU
		{83CC1149-BD0B-423D-A0B6-24D8B67FE63E}.Release|Any CPU.ActiveCfg = Release|Any CPU
		{83CC1149-BD0B-423D-A0B6-24D8B67FE63E}.Release|Any CPU.Build.0 = Release|Any CPU
		{8A44D95B-D8DB-4018-9177-15DE30354D78}.Debug|Any CPU.ActiveCfg = Debug|Any CPU
		{8A44D95B-D8DB-4018-9177-15DE30354D78}.Debug|Any CPU.Build.0 = Debug|Any CPU
		{8A44D95B-D8DB-4018-9177-15DE30354D78}.Release|Any CPU.ActiveCfg = Release|Any CPU
		{8A44D95B-D8DB-4018-9177-15DE30354D78}.Release|Any CPU.Build.0 = Release|Any CPU
		{EF5DEA8A-B394-4BE4-AB81-52D06A79DABD}.Debug|Any CPU.ActiveCfg = Debug|Any CPU
		{EF5DEA8A-B394-4BE4-AB81-52D06A79DABD}.Debug|Any CPU.Build.0 = Debug|Any CPU
		{EF5DEA8A-B394-4BE4-AB81-52D06A79DABD}.Release|Any CPU.ActiveCfg = Release|Any CPU
		{EF5DEA8A-B394-4BE4-AB81-52D06A79DABD}.Release|Any CPU.Build.0 = Release|Any CPU
		{EC2A62C1-617C-4073-8939-52DB21E52215}.Debug|Any CPU.ActiveCfg = Debug|Any CPU
		{EC2A62C1-617C-4073-8939-52DB21E52215}.Debug|Any CPU.Build.0 = Debug|Any CPU
		{EC2A62C1-617C-4073-8939-52DB21E52215}.Release|Any CPU.ActiveCfg = Release|Any CPU
		{EC2A62C1-617C-4073-8939-52DB21E52215}.Release|Any CPU.Build.0 = Release|Any CPU
		{27A478DA-D3EE-4402-9944-A1D908937E88}.Debug|Any CPU.ActiveCfg = Debug|Any CPU
		{27A478DA-D3EE-4402-9944-A1D908937E88}.Debug|Any CPU.Build.0 = Debug|Any CPU
		{27A478DA-D3EE-4402-9944-A1D908937E88}.Release|Any CPU.ActiveCfg = Release|Any CPU
		{27A478DA-D3EE-4402-9944-A1D908937E88}.Release|Any CPU.Build.0 = Release|Any CPU
		{DC933834-A067-49EA-BB90-43C5431DA34B}.Debug|Any CPU.ActiveCfg = Debug|Any CPU
		{DC933834-A067-49EA-BB90-43C5431DA34B}.Debug|Any CPU.Build.0 = Debug|Any CPU
		{DC933834-A067-49EA-BB90-43C5431DA34B}.Release|Any CPU.ActiveCfg = Release|Any CPU
		{DC933834-A067-49EA-BB90-43C5431DA34B}.Release|Any CPU.Build.0 = Release|Any CPU
		{4942850E-B330-4D1A-8FEB-1AAFD8B829AA}.Debug|Any CPU.ActiveCfg = Debug|Any CPU
		{4942850E-B330-4D1A-8FEB-1AAFD8B829AA}.Debug|Any CPU.Build.0 = Debug|Any CPU
		{4942850E-B330-4D1A-8FEB-1AAFD8B829AA}.Release|Any CPU.ActiveCfg = Release|Any CPU
		{4942850E-B330-4D1A-8FEB-1AAFD8B829AA}.Release|Any CPU.Build.0 = Release|Any CPU
		{1BF36DE2-0B20-4E18-B61D-496C4D1BC221}.Debug|Any CPU.ActiveCfg = Debug|Any CPU
		{1BF36DE2-0B20-4E18-B61D-496C4D1BC221}.Debug|Any CPU.Build.0 = Debug|Any CPU
		{1BF36DE2-0B20-4E18-B61D-496C4D1BC221}.Release|Any CPU.ActiveCfg = Release|Any CPU
		{1BF36DE2-0B20-4E18-B61D-496C4D1BC221}.Release|Any CPU.Build.0 = Release|Any CPU
		{116CACE3-6C13-4B88-9881-DEA8A8AF775C}.Debug|Any CPU.ActiveCfg = Debug|Any CPU
		{116CACE3-6C13-4B88-9881-DEA8A8AF775C}.Debug|Any CPU.Build.0 = Debug|Any CPU
		{116CACE3-6C13-4B88-9881-DEA8A8AF775C}.Release|Any CPU.ActiveCfg = Release|Any CPU
		{116CACE3-6C13-4B88-9881-DEA8A8AF775C}.Release|Any CPU.Build.0 = Release|Any CPU
		{BBEC6F67-026D-41BA-9582-769440EA3D1F}.Debug|Any CPU.ActiveCfg = Debug|Any CPU
		{BBEC6F67-026D-41BA-9582-769440EA3D1F}.Debug|Any CPU.Build.0 = Debug|Any CPU
		{BBEC6F67-026D-41BA-9582-769440EA3D1F}.Release|Any CPU.ActiveCfg = Release|Any CPU
		{BBEC6F67-026D-41BA-9582-769440EA3D1F}.Release|Any CPU.Build.0 = Release|Any CPU
		{7D1BBC12-7EC2-4F9A-968B-783F9BD09447}.Debug|Any CPU.ActiveCfg = Debug|Any CPU
		{7D1BBC12-7EC2-4F9A-968B-783F9BD09447}.Debug|Any CPU.Build.0 = Debug|Any CPU
		{7D1BBC12-7EC2-4F9A-968B-783F9BD09447}.Release|Any CPU.ActiveCfg = Release|Any CPU
		{7D1BBC12-7EC2-4F9A-968B-783F9BD09447}.Release|Any CPU.Build.0 = Release|Any CPU
		{8FC5580C-8D0C-402D-819A-C7D18A1C61CB}.Debug|Any CPU.ActiveCfg = Debug|Any CPU
		{8FC5580C-8D0C-402D-819A-C7D18A1C61CB}.Debug|Any CPU.Build.0 = Debug|Any CPU
		{8FC5580C-8D0C-402D-819A-C7D18A1C61CB}.Release|Any CPU.ActiveCfg = Release|Any CPU
		{8FC5580C-8D0C-402D-819A-C7D18A1C61CB}.Release|Any CPU.Build.0 = Release|Any CPU
		{73572228-1C3F-4982-AB46-FCBF1C3D1200}.Debug|Any CPU.ActiveCfg = Debug|Any CPU
		{73572228-1C3F-4982-AB46-FCBF1C3D1200}.Debug|Any CPU.Build.0 = Debug|Any CPU
		{73572228-1C3F-4982-AB46-FCBF1C3D1200}.Release|Any CPU.ActiveCfg = Release|Any CPU
		{73572228-1C3F-4982-AB46-FCBF1C3D1200}.Release|Any CPU.Build.0 = Release|Any CPU
	EndGlobalSection
	GlobalSection(SolutionProperties) = preSolution
		HideSolutionNode = FALSE
	EndGlobalSection
	GlobalSection(NestedProjects) = preSolution
		{6DCCBC74-C72C-4EFE-828F-9CFFFDBB1B67} = {7C42518C-1375-4DB6-9C6F-A49D6608F96A}
		{83CC1149-BD0B-423D-A0B6-24D8B67FE63E} = {DFDB51B2-36E0-4AC5-939C-53AE93949B44}
		{7CA4DF01-5F86-4A0D-8322-F2A2906BC44A} = {086CF043-0ECF-46DD-AC47-75BF5344AA80}
		{DEB575A9-36B7-4DF0-8758-7C941ED05ABC} = {086CF043-0ECF-46DD-AC47-75BF5344AA80}
		{EC2A62C1-617C-4073-8939-52DB21E52215} = {67108B49-0F3C-42A5-B5C9-4FA89E37B6F3}
		{C1C41661-3057-47C8-BD12-4002E681F5D0} = {67108B49-0F3C-42A5-B5C9-4FA89E37B6F3}
		{27A478DA-D3EE-4402-9944-A1D908937E88} = {C1C41661-3057-47C8-BD12-4002E681F5D0}
		{DC933834-A067-49EA-BB90-43C5431DA34B} = {C1C41661-3057-47C8-BD12-4002E681F5D0}
		{4942850E-B330-4D1A-8FEB-1AAFD8B829AA} = {C1C41661-3057-47C8-BD12-4002E681F5D0}
		{1BF36DE2-0B20-4E18-B61D-496C4D1BC221} = {C1C41661-3057-47C8-BD12-4002E681F5D0}
		{BBEC6F67-026D-41BA-9582-769440EA3D1F} = {DFDB51B2-36E0-4AC5-939C-53AE93949B44}
		{7D1BBC12-7EC2-4F9A-968B-783F9BD09447} = {8D6F5B8F-EDA5-48AD-AE07-AD59C208319E}
		{8FC5580C-8D0C-402D-819A-C7D18A1C61CB} = {8D6F5B8F-EDA5-48AD-AE07-AD59C208319E}
		{73572228-1C3F-4982-AB46-FCBF1C3D1200} = {8D6F5B8F-EDA5-48AD-AE07-AD59C208319E}
	EndGlobalSection
EndGlobal
